<?xml version="1.0" encoding="utf-8"?>
<Project ToolsVersion="4.0" xmlns="http://schemas.microsoft.com/developer/msbuild/2003">
  <ItemGroup>
    <Filter Include="源文件">
      <UniqueIdentifier>{4FC737F1-C7A5-4376-A066-2A32D752A2FF}</UniqueIdentifier>
      <Extensions>cpp;c;cc;cxx;def;odl;idl;hpj;bat;asm;asmx</Extensions>
    </Filter>
    <Filter Include="头文件">
      <UniqueIdentifier>{93995380-89BD-4b04-88EB-625FBE52EBFB}</UniqueIdentifier>
      <Extensions>h;hpp;hxx;hm;inl;inc;xsd</Extensions>
    </Filter>
    <Filter Include="资源文件">
      <UniqueIdentifier>{67DA6AB6-F800-4c08-8B7A-83BB121AAD01}</UniqueIdentifier>
      <Extensions>rc;ico;cur;bmp;dlg;rc2;rct;bin;rgs;gif;jpg;jpeg;jpe;resx;tiff;tif;png;wav;mfcribbon-ms</Extensions>
    </Filter>
  </ItemGroup>
  <ItemGroup>
    <None Include="ReadMe.txt" />
    <None Include="res\CHJY_Ninth.rc2">
      <Filter>资源文件</Filter>
    </None>
    <None Include="res\CHJY_Ninth.ico">
      <Filter>资源文件</Filter>
    </None>
    <None Include="res\bk.bmp">
      <Filter>资源文件</Filter>
    </None>
    <None Include="res\bk1.bmp">
      <Filter>资源文件</Filter>
    </None>
    <None Include="res\Map001.bmp">
      <Filter>资源文件</Filter>
    </None>
    <None Include="res\Map002.bmp">
      <Filter>资源文件</Filter>
    </None>
    <None Include="res\about.bmp">
      <Filter>资源文件</Filter>
    </None>
    <None Include="res\white001.bmp">
      <Filter>资源文件</Filter>
    </None>
  </ItemGroup>
  <ItemGroup>
    <ClInclude Include="CHJY_Ninth.h">
      <Filter>头文件</Filter>
    </ClInclude>
    <ClInclude Include="CHJY_NinthDlg.h">
      <Filter>头文件</Filter>
    </ClInclude>
    <ClInclude Include="stdafx.h">
      <Filter>头文件</Filter>
    </ClInclude>
    <ClInclude Include="targetver.h">
      <Filter>头文件</Filter>
    </ClInclude>
    <ClInclude Include="Resource.h">
      <Filter>头文件</Filter>
    </ClInclude>
    <ClInclude Include="BuyDlg.h">
      <Filter>头文件</Filter>
    </ClInclude>
    <ClInclude Include="ComDlg.h">
      <Filter>头文件</Filter>
    </ClInclude>
    <ClInclude Include="LonDlg.h">
      <Filter>头文件</Filter>
    </ClInclude>
    <ClInclude Include="RecDlg.h">
      <Filter>头文件</Filter>
    </ClInclude>
    <ClInclude Include="HelDlg.h">
      <Filter>头文件</Filter>
    </ClInclude>
    <ClInclude Include="MainDlg.h">
      <Filter>头文件</Filter>
    </ClInclude>
    <ClInclude Include="FindDlg.h">
      <Filter>头文件</Filter>
    </ClInclude>
    <ClInclude Include="LonDlg_1.h">
      <Filter>头文件</Filter>
    </ClInclude>
    <ClInclude Include="Struct_Tree_Area.h">
      <Filter>头文件</Filter>
    </ClInclude>
    <ClInclude Include="com_all_Dlg.h">
      <Filter>头文件</Filter>
    </ClInclude>
  </ItemGroup>
  <ItemGroup>
    <ClCompile Include="CHJY_Ninth.cpp">
      <Filter>源文件</Filter>
    </ClCompile>
    <ClCompile Include="CHJY_NinthDlg.cpp">
      <Filter>源文件</Filter>
    </ClCompile>
    <ClCompile Include="stdafx.cpp">
      <Filter>源文件</Filter>
    </ClCompile>
    <ClCompile Include="BuyDlg.cpp">
      <Filter>源文件</Filter>
    </ClCompile>
    <ClCompile Include="ComDlg.cpp">
      <Filter>源文件</Filter>
    </ClCompile>
    <ClCompile Include="LonDlg.cpp">
      <Filter>源文件</Filter>
    </ClCompile>
    <ClCompile Include="RecDlg.cpp">
      <Filter>源文件</Filter>
    </ClCompile>
    <ClCompile Include="HelDlg.cpp">
      <Filter>源文件</Filter>
    </ClCompile>
    <ClCompile Include="MainDlg.cpp">
      <Filter>源文件</Filter>
    </ClCompile>
    <ClCompile Include="FindDlg.cpp">
      <Filter>源文件</Filter>
    </ClCompile>
    <ClCompile Include="LonDlg_1.cpp">
      <Filter>源文件</Filter>
    </ClCompile>
    <ClCompile Include="com_all_Dlg.cpp">
      <Filter>源文件</Filter>
    </ClCompile>
  </ItemGroup>
  <ItemGroup>
    <ResourceCompile Include="CHJY_Ninth.rc">
      <Filter>资源文件</Filter>
    </ResourceCompile>
  </ItemGroup>
</Project>